
Microsoft Visual Studio Solution File, Format Version 12.00
# Visual Studio Version 17
VisualStudioVersion = 17.4.33213.308
MinimumVisualStudioVersion = 10.0.40219.1
Project("{FAE04EC0-301F-11D3-BF4B-00C04F79EFBC}") = "QLtreem", "QLtreem\QLtreem.csproj", "{C4A3EAE9-B714-4BE2-A667-9DCD3D6F9B77}"
EndProject
Global
	GlobalSection(SolutionConfigurationPlatforms) = preSolution
		Debug|Any CPU = Debug|Any CPU
		Release|Any CPU = Release|Any CPU
	EndGlobalSection
	GlobalSection(ProjectConfigurationPlatforms) = postSolution
		{C4A3EAE9-B714-4BE2-A667-9DCD3D6F9B77}.Debug|Any CPU.ActiveCfg = Debug|Any CPU
		{C4A3EAE9-B714-4BE2-A667-9DCD3D6F9B77}.Debug|Any CPU.Build.0 = Debug|Any CPU
		{C4A3EAE9-B714-4BE2-A667-9DCD3D6F9B77}.Release|Any CPU.ActiveCfg = Release|Any CPU
		{C4A3EAE9-B714-4BE2-A667-9DCD3D6F9B77}.Release|Any CPU.Build.0 = Release|Any CPU
	EndGlobalSection
	GlobalSection(SolutionProperties) = preSolution
		HideSolutionNode = FALSE
	EndGlobalSection
	GlobalSection(ExtensibilityGlobals) = postSolution
		SolutionGuid = {4C9F930C-B7CB-44BA-86FE-199F7B5846EF}
	EndGlobalSection
EndGlobal
